
Microsoft Visual Studio Solution File, Format Version 12.00
# Visual Studio Version 17
VisualStudioVersion = 17.0.32112.339
MinimumVisualStudioVersion = 10.0.40219.1
Project("{FAE04EC0-301F-11D3-BF4B-00C04F79EFBC}") = "LMS16", "LMS16.Web\LMS16.csproj", "{4E872467-B92D-4432-98DD-A52721F1EE88}"
EndProject
Project("{FAE04EC0-301F-11D3-BF4B-00C04F79EFBC}") = "LMS16.Core", "LMS16.Core\LMS16.Core.csproj", "{A86A966C-5737-4B55-BA3D-46697BC9E173}"
EndProject
Project("{FAE04EC0-301F-11D3-BF4B-00C04F79EFBC}") = "LMS16.Data", "LMS16.Data\LMS16.Data.csproj", "{1E8E2A6A-13E1-478B-A95C-A62FE5D50ECD}"
EndProject
Global
	GlobalSection(SolutionConfigurationPlatforms) = preSolution
		Debug|Any CPU = Debug|Any CPU
		Release|Any CPU = Release|Any CPU
	EndGlobalSection
	GlobalSection(ProjectConfigurationPlatforms) = postSolution
		{4E872467-B92D-4432-98DD-A52721F1EE88}.Debug|Any CPU.ActiveCfg = Debug|Any CPU
		{4E872467-B92D-4432-98DD-A52721F1EE88}.Debug|Any CPU.Build.0 = Debug|Any CPU
		{4E872467-B92D-4432-98DD-A52721F1EE88}.Release|Any CPU.ActiveCfg = Release|Any CPU
		{4E872467-B92D-4432-98DD-A52721F1EE88}.Release|Any CPU.Build.0 = Release|Any CPU
		{A86A966C-5737-4B55-BA3D-46697BC9E173}.Debug|Any CPU.ActiveCfg = Debug|Any CPU
		{A86A966C-5737-4B55-BA3D-46697BC9E173}.Debug|Any CPU.Build.0 = Debug|Any CPU
		{A86A966C-5737-4B55-BA3D-46697BC9E173}.Release|Any CPU.ActiveCfg = Release|Any CPU
		{A86A966C-5737-4B55-BA3D-46697BC9E173}.Release|Any CPU.Build.0 = Release|Any CPU
		{1E8E2A6A-13E1-478B-A95C-A62FE5D50ECD}.Debug|Any CPU.ActiveCfg = Debug|Any CPU
		{1E8E2A6A-13E1-478B-A95C-A62FE5D50ECD}.Debug|Any CPU.Build.0 = Debug|Any CPU
		{1E8E2A6A-13E1-478B-A95C-A62FE5D50ECD}.Release|Any CPU.ActiveCfg = Release|Any CPU
		{1E8E2A6A-13E1-478B-A95C-A62FE5D50ECD}.Release|Any CPU.Build.0 = Release|Any CPU
	EndGlobalSection
	GlobalSection(SolutionProperties) = preSolution
		HideSolutionNode = FALSE
	EndGlobalSection
	GlobalSection(ExtensibilityGlobals) = postSolution
		SolutionGuid = {D481C159-DEF5-4FA1-883B-5177E1736F1B}
	EndGlobalSection
EndGlobal
